// !$*UTF8*$!
{
	archiveVersion = 1;
	classes = {
	};
	objectVersion = 46;
	objects = {

/* Begin PBXBuildFile section */
		9E2CE88C1F5A4FB700830DC8 /* main.m in Sources */ = {isa = PBXBuildFile; fileRef = 9E2CE88B1F5A4FB700830DC8 /* main.m */; };
		9E2CE88F1F5A4FB700830DC8 /* AppDelegate.m in Sources */ = {isa = PBXBuildFile; fileRef = 9E2CE88E1F5A4FB700830DC8 /* AppDelegate.m */; };
		9E2CE8921F5A4FB700830DC8 /* ViewController.m in Sources */ = {isa = PBXBuildFile; fileRef = 9E2CE8911F5A4FB700830DC8 /* ViewController.m */; };
		9E2CE8951F5A4FB700830DC8 /* Main.storyboard in Resources */ = {isa = PBXBuildFile; fileRef = 9E2CE8931F5A4FB700830DC8 /* Main.storyboard */; };
		9E2CE8971F5A4FB700830DC8 /* Assets.xcassets in Resources */ = {isa = PBXBuildFile; fileRef = 9E2CE8961F5A4FB700830DC8 /* Assets.xcassets */; };
		9E2CE89A1F5A4FB700830DC8 /* LaunchScreen.storyboard in Resources */ = {isa = PBXBuildFile; fileRef = 9E2CE8981F5A4FB700830DC8 /* LaunchScreen.storyboard */; };
		9E5F1C17202C328100D9FFEB /* BMUtils.m in Sources */ = {isa = PBXBuildFile; fileRef = 9E5F1C16202C328100D9FFEB /* BMUtils.m */; };
		9E5F1C1A202C32BD00D9FFEB /* UINavigationController+Extend.m in Sources */ = {isa = PBXBuildFile; fileRef = 9E5F1C19202C32BD00D9FFEB /* UINavigationController+Extend.m */; };
		9E5F1C1D202C394F00D9FFEB /* UINavigationBar+BMExtend.m in Sources */ = {isa = PBXBuildFile; fileRef = 9E5F1C1C202C394F00D9FFEB /* UINavigationBar+BMExtend.m */; };
		9E5F1C4D202C4DEF00D9FFEB /* ZGBarButtonTitle.strings in Resources */ = {isa = PBXBuildFile; fileRef = 9E5F1C3C202C4DEF00D9FFEB /* ZGBarButtonTitle.strings */; };
		9E5F1C4E202C4DEF00D9FFEB /* UIBarButtonItem+ZGFixSpace.m in Sources */ = {isa = PBXBuildFile; fileRef = 9E5F1C3E202C4DEF00D9FFEB /* UIBarButtonItem+ZGFixSpace.m */; };
		9E5F1C4F202C4DEF00D9FFEB /* NSObject+ZGRuntime.m in Sources */ = {isa = PBXBuildFile; fileRef = 9E5F1C43202C4DEF00D9FFEB /* NSObject+ZGRuntime.m */; };
		9E5F1C50202C4DEF00D9FFEB /* UIView+ZGLayoutConstraint.m in Sources */ = {isa = PBXBuildFile; fileRef = 9E5F1C45202C4DEF00D9FFEB /* UIView+ZGLayoutConstraint.m */; };
		9E5F1C51202C4DEF00D9FFEB /* UINavigationItem+ZGFixSpace.m in Sources */ = {isa = PBXBuildFile; fileRef = 9E5F1C47202C4DEF00D9FFEB /* UINavigationItem+ZGFixSpace.m */; };
		9E5F1C52202C4DEF00D9FFEB /* ZGBarButtonIcons.xcassets in Resources */ = {isa = PBXBuildFile; fileRef = 9E5F1C48202C4DEF00D9FFEB /* ZGBarButtonIcons.xcassets */; };
		9E5F1C53202C4DEF00D9FFEB /* ZGBarButtonItemCustomView.m in Sources */ = {isa = PBXBuildFile; fileRef = 9E5F1C4A202C4DEF00D9FFEB /* ZGBarButtonItemCustomView.m */; };
		9E5F1C54202C4DEF00D9FFEB /* LICENSE in Resources */ = {isa = PBXBuildFile; fileRef = 9E5F1C4B202C4DEF00D9FFEB /* LICENSE */; };
		9E5F1C55202C4DEF00D9FFEB /* README.md in Resources */ = {isa = PBXBuildFile; fileRef = 9E5F1C4C202C4DEF00D9FFEB /* README.md */; };
		9ED07ACE1FD4E808007223BA /* UIView+ExtendRegion.m in Sources */ = {isa = PBXBuildFile; fileRef = 9ED07ACB1FD4E808007223BA /* UIView+ExtendRegion.m */; };
		9ED07ACF1FD4E808007223BA /* BMNavigationBar.m in Sources */ = {isa = PBXBuildFile; fileRef = 9ED07ACC1FD4E808007223BA /* BMNavigationBar.m */; };
/* End PBXBuildFile section */

/* Begin PBXFileReference section */
		9E2CE8871F5A4FB700830DC8 /* BMTNavigationBar.app */ = {isa = PBXFileReference; explicitFileType = wrapper.application; includeInIndex = 0; path = BMTNavigationBar.app; sourceTree = BUILT_PRODUCTS_DIR; };
		9E2CE88B1F5A4FB700830DC8 /* main.m */ = {isa = PBXFileReference; lastKnownFileType = sourcecode.c.objc; path = main.m; sourceTree = "<group>"; };
		9E2CE88D1F5A4FB700830DC8 /* AppDelegate.h */ = {isa = PBXFileReference; lastKnownFileType = sourcecode.c.h; path = AppDelegate.h; sourceTree = "<group>"; };
		9E2CE88E1F5A4FB700830DC8 /* AppDelegate.m */ = {isa = PBXFileReference; lastKnownFileType = sourcecode.c.objc; path = AppDelegate.m; sourceTree = "<group>"; };
		9E2CE8901F5A4FB700830DC8 /* ViewController.h */ = {isa = PBXFileReference; lastKnownFileType = sourcecode.c.h; path = ViewController.h; sourceTree = "<group>"; };
		9E2CE8911F5A4FB700830DC8 /* ViewController.m */ = {isa = PBXFileReference; lastKnownFileType = sourcecode.c.objc; path = ViewController.m; sourceTree = "<group>"; };
		9E2CE8941F5A4FB700830DC8 /* Base */ = {isa = PBXFileReference; lastKnownFileType = file.storyboard; name = Base; path = Base.lproj/Main.storyboard; sourceTree = "<group>"; };
		9E2CE8961F5A4FB700830DC8 /* Assets.xcassets */ = {isa = PBXFileReference; lastKnownFileType = folder.assetcatalog; path = Assets.xcassets; sourceTree = "<group>"; };
		9E2CE8991F5A4FB700830DC8 /* Base */ = {isa = PBXFileReference; lastKnownFileType = file.storyboard; name = Base; path = Base.lproj/LaunchScreen.storyboard; sourceTree = "<group>"; };
		9E2CE89B1F5A4FB700830DC8 /* Info.plist */ = {isa = PBXFileReference; lastKnownFileType = text.plist.xml; path = Info.plist; sourceTree = "<group>"; };
		9E5F1C15202C328100D9FFEB /* BMUtils.h */ = {isa = PBXFileReference; lastKnownFileType = sourcecode.c.h; path = BMUtils.h; sourceTree = "<group>"; };
		9E5F1C16202C328100D9FFEB /* BMUtils.m */ = {isa = PBXFileReference; lastKnownFileType = sourcecode.c.objc; path = BMUtils.m; sourceTree = "<group>"; };
		9E5F1C18202C32BD00D9FFEB /* UINavigationController+Extend.h */ = {isa = PBXFileReference; lastKnownFileType = sourcecode.c.h; path = "UINavigationController+Extend.h"; sourceTree = "<group>"; };
		9E5F1C19202C32BD00D9FFEB /* UINavigationController+Extend.m */ = {isa = PBXFileReference; lastKnownFileType = sourcecode.c.objc; path = "UINavigationController+Extend.m"; sourceTree = "<group>"; };
		9E5F1C1B202C394F00D9FFEB /* UINavigationBar+BMExtend.h */ = {isa = PBXFileReference; lastKnownFileType = sourcecode.c.h; path = "UINavigationBar+BMExtend.h"; sourceTree = "<group>"; };
		9E5F1C1C202C394F00D9FFEB /* UINavigationBar+BMExtend.m */ = {isa = PBXFileReference; lastKnownFileType = sourcecode.c.objc; path = "UINavigationBar+BMExtend.m"; sourceTree = "<group>"; };
		9E5F1C3D202C4DEF00D9FFEB /* zh-Hans */ = {isa = PBXFileReference; lastKnownFileType = text.plist.strings; name = "zh-Hans"; path = "zh-Hans.lproj/ZGBarButtonTitle.strings"; sourceTree = "<group>"; };
		9E5F1C3E202C4DEF00D9FFEB /* UIBarButtonItem+ZGFixSpace.m */ = {isa = PBXFileReference; fileEncoding = 4; lastKnownFileType = sourcecode.c.objc; path = "UIBarButtonItem+ZGFixSpace.m"; sourceTree = "<group>"; };
		9E5F1C3F202C4DEF00D9FFEB /* en */ = {isa = PBXFileReference; lastKnownFileType = text.plist.strings; name = en; path = en.lproj/ZGBarButtonTitle.strings; sourceTree = "<group>"; };
		9E5F1C40202C4DEF00D9FFEB /* UIView+ZGLayoutConstraint.h */ = {isa = PBXFileReference; fileEncoding = 4; lastKnownFileType = sourcecode.c.h; path = "UIView+ZGLayoutConstraint.h"; sourceTree = "<group>"; };
		9E5F1C41202C4DEF00D9FFEB /* UINavigationItem+ZGFixSpace.h */ = {isa = PBXFileReference; fileEncoding = 4; lastKnownFileType = sourcecode.c.h; path = "UINavigationItem+ZGFixSpace.h"; sourceTree = "<group>"; };
		9E5F1C42202C4DEF00D9FFEB /* ZGBarButtonItemCustomView.h */ = {isa = PBXFileReference; fileEncoding = 4; lastKnownFileType = sourcecode.c.h; path = ZGBarButtonItemCustomView.h; sourceTree = "<group>"; };
		9E5F1C43202C4DEF00D9FFEB /* NSObject+ZGRuntime.m */ = {isa = PBXFileReference; fileEncoding = 4; lastKnownFileType = sourcecode.c.objc; path = "NSObject+ZGRuntime.m"; sourceTree = "<group>"; };
		9E5F1C44202C4DEF00D9FFEB /* UIBarButtonItem+ZGFixSpace.h */ = {isa = PBXFileReference; fileEncoding = 4; lastKnownFileType = sourcecode.c.h; path = "UIBarButtonItem+ZGFixSpace.h"; sourceTree = "<group>"; };
		9E5F1C45202C4DEF00D9FFEB /* UIView+ZGLayoutConstraint.m */ = {isa = PBXFileReference; fileEncoding = 4; lastKnownFileType = sourcecode.c.objc; path = "UIView+ZGLayoutConstraint.m"; sourceTree = "<group>"; };
		9E5F1C46202C4DEF00D9FFEB /* ZGNavBarItemSpceMacro.h */ = {isa = PBXFileReference; fileEncoding = 4; lastKnownFileType = sourcecode.c.h; path = ZGNavBarItemSpceMacro.h; sourceTree = "<group>"; };
		9E5F1C47202C4DEF00D9FFEB /* UINavigationItem+ZGFixSpace.m */ = {isa = PBXFileReference; fileEncoding = 4; lastKnownFileType = sourcecode.c.objc; path = "UINavigationItem+ZGFixSpace.m"; sourceTree = "<group>"; };
		9E5F1C48202C4DEF00D9FFEB /* ZGBarButtonIcons.xcassets */ = {isa = PBXFileReference; lastKnownFileType = folder.assetcatalog; path = ZGBarButtonIcons.xcassets; sourceTree = "<group>"; };
		9E5F1C49202C4DEF00D9FFEB /* NSObject+ZGRuntime.h */ = {isa = PBXFileReference; fileEncoding = 4; lastKnownFileType = sourcecode.c.h; path = "NSObject+ZGRuntime.h"; sourceTree = "<group>"; };
		9E5F1C4A202C4DEF00D9FFEB /* ZGBarButtonItemCustomView.m */ = {isa = PBXFileReference; fileEncoding = 4; lastKnownFileType = sourcecode.c.objc; path = ZGBarButtonItemCustomView.m; sourceTree = "<group>"; };
		9E5F1C4B202C4DEF00D9FFEB /* LICENSE */ = {isa = PBXFileReference; fileEncoding = 4; lastKnownFileType = text; path = LICENSE; sourceTree = "<group>"; };
		9E5F1C4C202C4DEF00D9FFEB /* README.md */ = {isa = PBXFileReference; fileEncoding = 4; lastKnownFileType = net.daringfireball.markdown; path = README.md; sourceTree = "<group>"; };
		9ED07AC91FD4E808007223BA /* BMNavigationBar.h */ = {isa = PBXFileReference; fileEncoding = 4; lastKnownFileType = sourcecode.c.h; path = BMNavigationBar.h; sourceTree = "<group>"; };
		9ED07ACA1FD4E808007223BA /* BMNavigationBarHeader.h */ = {isa = PBXFileReference; fileEncoding = 4; lastKnownFileType = sourcecode.c.h; path = BMNavigationBarHeader.h; sourceTree = "<group>"; };
		9ED07ACB1FD4E808007223BA /* UIView+ExtendRegion.m */ = {isa = PBXFileReference; fileEncoding = 4; lastKnownFileType = sourcecode.c.objc; path = "UIView+ExtendRegion.m"; sourceTree = "<group>"; };
		9ED07ACC1FD4E808007223BA /* BMNavigationBar.m */ = {isa = PBXFileReference; fileEncoding = 4; lastKnownFileType = sourcecode.c.objc; path = BMNavigationBar.m; sourceTree = "<group>"; };
		9ED07ACD1FD4E808007223BA /* UIView+ExtendRegion.h */ = {isa = PBXFileReference; fileEncoding = 4; lastKnownFileType = sourcecode.c.h; path = "UIView+ExtendRegion.h"; sourceTree = "<group>"; };
/* End PBXFileReference section */

/* Begin PBXFrameworksBuildPhase section */
		9E2CE8841F5A4FB700830DC8 /* Frameworks */ = {
			isa = PBXFrameworksBuildPhase;
			buildActionMask = 2147483647;
			files = (
			);
			runOnlyForDeploymentPostprocessing = 0;
		};
/* End PBXFrameworksBuildPhase section */

/* Begin PBXGroup section */
		9E2CE87E1F5A4FB700830DC8 = {
			isa = PBXGroup;
			children = (
				9E2CE8891F5A4FB700830DC8 /* BMTNavigationBar */,
				9E2CE8881F5A4FB700830DC8 /* Products */,
			);
			sourceTree = "<group>";
		};
		9E2CE8881F5A4FB700830DC8 /* Products */ = {
			isa = PBXGroup;
			children = (
				9E2CE8871F5A4FB700830DC8 /* BMTNavigationBar.app */,
			);
			name = Products;
			sourceTree = "<group>";
		};
		9E2CE8891F5A4FB700830DC8 /* BMTNavigationBar */ = {
			isa = PBXGroup;
			children = (
				9E5F1C3A202C4DEF00D9FFEB /* ZGNavigationBarItemFixSpace-master */,
				9ED07AC81FD4E808007223BA /* Classes */,
				9E2CE88D1F5A4FB700830DC8 /* AppDelegate.h */,
				9E2CE88E1F5A4FB700830DC8 /* AppDelegate.m */,
				9E2CE8901F5A4FB700830DC8 /* ViewController.h */,
				9E2CE8911F5A4FB700830DC8 /* ViewController.m */,
				9E2CE8931F5A4FB700830DC8 /* Main.storyboard */,
				9E2CE8961F5A4FB700830DC8 /* Assets.xcassets */,
				9E2CE8981F5A4FB700830DC8 /* LaunchScreen.storyboard */,
				9E2CE89B1F5A4FB700830DC8 /* Info.plist */,
				9E2CE88A1F5A4FB700830DC8 /* Supporting Files */,
			);
			path = BMTNavigationBar;
			sourceTree = "<group>";
		};
		9E2CE88A1F5A4FB700830DC8 /* Supporting Files */ = {
			isa = PBXGroup;
			children = (
				9E2CE88B1F5A4FB700830DC8 /* main.m */,
			);
			name = "Supporting Files";
			sourceTree = "<group>";
		};
		9E5F1C3A202C4DEF00D9FFEB /* ZGNavigationBarItemFixSpace-master */ = {
			isa = PBXGroup;
			children = (
				9E5F1C3B202C4DEF00D9FFEB /* ZGNavigationBarItemFixSpace */,
				9E5F1C4B202C4DEF00D9FFEB /* LICENSE */,
				9E5F1C4C202C4DEF00D9FFEB /* README.md */,
			);
			name = "ZGNavigationBarItemFixSpace-master";
			path = "../../../../../../../../Desktop/ZGNavigationBarItemFixSpace-master";
			sourceTree = "<group>";
		};
		9E5F1C3B202C4DEF00D9FFEB /* ZGNavigationBarItemFixSpace */ = {
			isa = PBXGroup;
			children = (
				9E5F1C3C202C4DEF00D9FFEB /* ZGBarButtonTitle.strings */,
				9E5F1C3E202C4DEF00D9FFEB /* UIBarButtonItem+ZGFixSpace.m */,
				9E5F1C40202C4DEF00D9FFEB /* UIView+ZGLayoutConstraint.h */,
				9E5F1C41202C4DEF00D9FFEB /* UINavigationItem+ZGFixSpace.h */,
				9E5F1C42202C4DEF00D9FFEB /* ZGBarButtonItemCustomView.h */,
				9E5F1C43202C4DEF00D9FFEB /* NSObject+ZGRuntime.m */,
				9E5F1C44202C4DEF00D9FFEB /* UIBarButtonItem+ZGFixSpace.h */,
				9E5F1C45202C4DEF00D9FFEB /* UIView+ZGLayoutConstraint.m */,
				9E5F1C46202C4DEF00D9FFEB /* ZGNavBarItemSpceMacro.h */,
				9E5F1C47202C4DEF00D9FFEB /* UINavigationItem+ZGFixSpace.m */,
				9E5F1C48202C4DEF00D9FFEB /* ZGBarButtonIcons.xcassets */,
				9E5F1C49202C4DEF00D9FFEB /* NSObject+ZGRuntime.h */,
				9E5F1C4A202C4DEF00D9FFEB /* ZGBarButtonItemCustomView.m */,
			);
			path = ZGNavigationBarItemFixSpace;
			sourceTree = "<group>";
		};
		9ED07AC81FD4E808007223BA /* Classes */ = {
			isa = PBXGroup;
			children = (
				9ED07ACA1FD4E808007223BA /* BMNavigationBarHeader.h */,
				9ED07AC91FD4E808007223BA /* BMNavigationBar.h */,
				9ED07ACC1FD4E808007223BA /* BMNavigationBar.m */,
				9ED07ACD1FD4E808007223BA /* UIView+ExtendRegion.h */,
				9ED07ACB1FD4E808007223BA /* UIView+ExtendRegion.m */,
				9E5F1C15202C328100D9FFEB /* BMUtils.h */,
				9E5F1C16202C328100D9FFEB /* BMUtils.m */,
				9E5F1C18202C32BD00D9FFEB /* UINavigationController+Extend.h */,
				9E5F1C19202C32BD00D9FFEB /* UINavigationController+Extend.m */,
				9E5F1C1B202C394F00D9FFEB /* UINavigationBar+BMExtend.h */,
				9E5F1C1C202C394F00D9FFEB /* UINavigationBar+BMExtend.m */,
			);
			path = Classes;
			sourceTree = "<group>";
		};
/* End PBXGroup section */

/* Begin PBXNativeTarget section */
		9E2CE8861F5A4FB700830DC8 /* BMTNavigationBar */ = {
			isa = PBXNativeTarget;
			buildConfigurationList = 9E2CE89E1F5A4FB700830DC8 /* Build configuration list for PBXNativeTarget "BMTNavigationBar" */;
			buildPhases = (
				9E2CE8831F5A4FB700830DC8 /* Sources */,
				9E2CE8841F5A4FB700830DC8 /* Frameworks */,
				9E2CE8851F5A4FB700830DC8 /* Resources */,
			);
			buildRules = (
			);
			dependencies = (
			);
			name = BMTNavigationBar;
			productName = BMTNavigationBar;
			productReference = 9E2CE8871F5A4FB700830DC8 /* BMTNavigationBar.app */;
			productType = "com.apple.product-type.application";
		};
/* End PBXNativeTarget section */

/* Begin PBXProject section */
		9E2CE87F1F5A4FB700830DC8 /* Project object */ = {
			isa = PBXProject;
			attributes = {
				LastUpgradeCheck = 0900;
				ORGANIZATIONNAME = BMu;
				TargetAttributes = {
					9E2CE8861F5A4FB700830DC8 = {
						CreatedOnToolsVersion = 8.3.3;
						ProvisioningStyle = Automatic;
					};
				};
			};
			buildConfigurationList = 9E2CE8821F5A4FB700830DC8 /* Build configuration list for PBXProject "BMTNavigationBar" */;
			compatibilityVersion = "Xcode 3.2";
			developmentRegion = English;
			hasScannedForEncodings = 0;
			knownRegions = (
				en,
				Base,
				"zh-Hans",
			);
			mainGroup = 9E2CE87E1F5A4FB700830DC8;
			productRefGroup = 9E2CE8881F5A4FB700830DC8 /* Products */;
			projectDirPath = "";
			projectRoot = "";
			targets = (
				9E2CE8861F5A4FB700830DC8 /* BMTNavigationBar */,
			);
		};
/* End PBXProject section */

/* Begin PBXResourcesBuildPhase section */
		9E2CE8851F5A4FB700830DC8 /* Resources */ = {
			isa = PBXResourcesBuildPhase;
			buildActionMask = 2147483647;
			files = (
				9E5F1C54202C4DEF00D9FFEB /* LICENSE in Resources */,
				9E5F1C4D202C4DEF00D9FFEB /* ZGBarButtonTitle.strings in Resources */,
				9E2CE89A1F5A4FB700830DC8 /* LaunchScreen.storyboard in Resources */,
				9E5F1C55202C4DEF00D9FFEB /* README.md in Resources */,
				9E2CE8971F5A4FB700830DC8 /* Assets.xcassets in Resources */,
				9E2CE8951F5A4FB700830DC8 /* Main.storyboard in Resources */,
				9E5F1C52202C4DEF00D9FFEB /* ZGBarButtonIcons.xcassets in Resources */,
			);
			runOnlyForDeploymentPostprocessing = 0;
		};
/* End PBXResourcesBuildPhase section */

/* Begin PBXSourcesBuildPhase section */
		9E2CE8831F5A4FB700830DC8 /* Sources */ = {
			isa = PBXSourcesBuildPhase;
			buildActionMask = 2147483647;
			files = (
				9E5F1C51202C4DEF00D9FFEB /* UINavigationItem+ZGFixSpace.m in Sources */,
				9ED07ACE1FD4E808007223BA /* UIView+ExtendRegion.m in Sources */,
				9E2CE8921F5A4FB700830DC8 /* ViewController.m in Sources */,
				9E5F1C1D202C394F00D9FFEB /* UINavigationBar+BMExtend.m in Sources */,
				9E5F1C4F202C4DEF00D9FFEB /* NSObject+ZGRuntime.m in Sources */,
				9E2CE88F1F5A4FB700830DC8 /* AppDelegate.m in Sources */,
				9E5F1C4E202C4DEF00D9FFEB /* UIBarButtonItem+ZGFixSpace.m in Sources */,
				9E5F1C1A202C32BD00D9FFEB /* UINavigationController+Extend.m in Sources */,
				9E2CE88C1F5A4FB700830DC8 /* main.m in Sources */,
				9E5F1C17202C328100D9FFEB /* BMUtils.m in Sources */,
				9E5F1C50202C4DEF00D9FFEB /* UIView+ZGLayoutConstraint.m in Sources */,
				9E5F1C53202C4DEF00D9FFEB /* ZGBarButtonItemCustomView.m in Sources */,
				9ED07ACF1FD4E808007223BA /* BMNavigationBar.m in Sources */,
			);
			runOnlyForDeploymentPostprocessing = 0;
		};
/* End PBXSourcesBuildPhase section */

/* Begin PBXVariantGroup section */
		9E2CE8931F5A4FB700830DC8 /* Main.storyboard */ = {
			isa = PBXVariantGroup;
			children = (
				9E2CE8941F5A4FB700830DC8 /* Base */,
			);
			name = Main.storyboard;
			sourceTree = "<group>";
		};
		9E2CE8981F5A4FB700830DC8 /* LaunchScreen.storyboard */ = {
			isa = PBXVariantGroup;
			children = (
				9E2CE8991F5A4FB700830DC8 /* Base */,
			);
			name = LaunchScreen.storyboard;
			sourceTree = "<group>";
		};
		9E5F1C3C202C4DEF00D9FFEB /* ZGBarButtonTitle.strings */ = {
			isa = PBXVariantGroup;
			children = (
				9E5F1C3D202C4DEF00D9FFEB /* zh-Hans */,
				9E5F1C3F202C4DEF00D9FFEB /* en */,
			);
			name = ZGBarButtonTitle.strings;
			sourceTree = "<group>";
		};
/* End PBXVariantGroup section */

/* Begin XCBuildConfiguration section */
		9E2CE89C1F5A4FB700830DC8 /* Debug */ = {
			isa = XCBuildConfiguration;
			buildSettings = {
				ALWAYS_SEARCH_USER_PATHS = NO;
				CLANG_ANALYZER_NONNULL = YES;
				CLANG_ANALYZER_NUMBER_OBJECT_CONVERSION = YES_AGGRESSIVE;
				CLANG_CXX_LANGUAGE_STANDARD = "gnu++0x";
				CLANG_CXX_LIBRARY = "libc++";
				CLANG_ENABLE_MODULES = YES;
				CLANG_ENABLE_OBJC_ARC = YES;
				CLANG_WARN_BLOCK_CAPTURE_AUTORELEASING = YES;
				CLANG_WARN_BOOL_CONVERSION = YES;
				CLANG_WARN_COMMA = YES;
				CLANG_WARN_CONSTANT_CONVERSION = YES;
				CLANG_WARN_DIRECT_OBJC_ISA_USAGE = YES_ERROR;
				CLANG_WARN_DOCUMENTATION_COMMENTS = YES;
				CLANG_WARN_EMPTY_BODY = YES;
				CLANG_WARN_ENUM_CONVERSION = YES;
				CLANG_WARN_INFINITE_RECURSION = YES;
				CLANG_WARN_INT_CONVERSION = YES;
				CLANG_WARN_NON_LITERAL_NULL_CONVERSION = YES;
				CLANG_WARN_OBJC_LITERAL_CONVERSION = YES;
				CLANG_WARN_OBJC_ROOT_CLASS = YES_ERROR;
				CLANG_WARN_RANGE_LOOP_ANALYSIS = YES;
				CLANG_WARN_STRICT_PROTOTYPES = YES;
				CLANG_WARN_SUSPICIOUS_MOVE = YES;
				CLANG_WARN_UNREACHABLE_CODE = YES;
				CLANG_WARN__DUPLICATE_METHOD_MATCH = YES;
				"CODE_SIGN_IDENTITY[sdk=iphoneos*]" = "iPhone Developer";
				COPY_PHASE_STRIP = NO;
				DEBUG_INFORMATION_FORMAT = dwarf;
				ENABLE_STRICT_OBJC_MSGSEND = YES;
				ENABLE_TESTABILITY = YES;
				GCC_C_LANGUAGE_STANDARD = gnu99;
				GCC_DYNAMIC_NO_PIC = NO;
				GCC_NO_COMMON_BLOCKS = YES;
				GCC_OPTIMIZATION_LEVEL = 0;
				GCC_PREPROCESSOR_DEFINITIONS = (
					"DEBUG=1",
					"$(inherited)",
				);
				GCC_WARN_64_TO_32_BIT_CONVERSION = YES;
				GCC_WARN_ABOUT_RETURN_TYPE = YES_ERROR;
				GCC_WARN_UNDECLARED_SELECTOR = YES;
				GCC_WARN_UNINITIALIZED_AUTOS = YES_AGGRESSIVE;
				GCC_WARN_UNUSED_FUNCTION = YES;
				GCC_WARN_UNUSED_VARIABLE = YES;
				IPHONEOS_DEPLOYMENT_TARGET = 10.3;
				MTL_ENABLE_DEBUG_INFO = YES;
				ONLY_ACTIVE_ARCH = YES;
				SDKROOT = iphoneos;
			};
			name = Debug;
		};
		9E2CE89D1F5A4FB700830DC8 /* Release */ = {
			isa = XCBuildConfiguration;
			buildSettings = {
				ALWAYS_SEARCH_USER_PATHS = NO;
				CLANG_ANALYZER_NONNULL = YES;
				CLANG_ANALYZER_NUMBER_OBJECT_CONVERSION = YES_AGGRESSIVE;
				CLANG_CXX_LANGUAGE_STANDARD = "gnu++0x";
				CLANG_CXX_LIBRARY = "libc++";
				CLANG_ENABLE_MODULES = YES;
				CLANG_ENABLE_OBJC_ARC = YES;
				CLANG_WARN_BLOCK_CAPTURE_AUTORELEASING = YES;
				CLANG_WARN_BOOL_CONVERSION = YES;
				CLANG_WARN_COMMA = YES;
				CLANG_WARN_CONSTANT_CONVERSION = YES;
				CLANG_WARN_DIRECT_OBJC_ISA_USAGE = YES_ERROR;
				CLANG_WARN_DOCUMENTATION_COMMENTS = YES;
				CLANG_WARN_EMPTY_BODY = YES;
				CLANG_WARN_ENUM_CONVERSION = YES;
				CLANG_WARN_INFINITE_RECURSION = YES;
				CLANG_WARN_INT_CONVERSION = YES;
				CLANG_WARN_NON_LITERAL_NULL_CONVERSION = YES;
				CLANG_WARN_OBJC_LITERAL_CONVERSION = YES;
				CLANG_WARN_OBJC_ROOT_CLASS = YES_ERROR;
				CLANG_WARN_RANGE_LOOP_ANALYSIS = YES;
				CLANG_WARN_STRICT_PROTOTYPES = YES;
				CLANG_WARN_SUSPICIOUS_MOVE = YES;
				CLANG_WARN_UNREACHABLE_CODE = YES;
				CLANG_WARN__DUPLICATE_METHOD_MATCH = YES;
				"CODE_SIGN_IDENTITY[sdk=iphoneos*]" = "iPhone Developer";
				COPY_PHASE_STRIP = NO;
				DEBUG_INFORMATION_FORMAT = "dwarf-with-dsym";
				ENABLE_NS_ASSERTIONS = NO;
				ENABLE_STRICT_OBJC_MSGSEND = YES;
				GCC_C_LANGUAGE_STANDARD = gnu99;
				GCC_NO_COMMON_BLOCKS = YES;
				GCC_WARN_64_TO_32_BIT_CONVERSION = YES;
				GCC_WARN_ABOUT_RETURN_TYPE = YES_ERROR;
				GCC_WARN_UNDECLARED_SELECTOR = YES;
				GCC_WARN_UNINITIALIZED_AUTOS = YES_AGGRESSIVE;
				GCC_WARN_UNUSED_FUNCTION = YES;
				GCC_WARN_UNUSED_VARIABLE = YES;
				IPHONEOS_DEPLOYMENT_TARGET = 10.3;
				MTL_ENABLE_DEBUG_INFO = NO;
				SDKROOT = iphoneos;
				VALIDATE_PRODUCT = YES;
			};
			name = Release;
		};
		9E2CE89F1F5A4FB700830DC8 /* Debug */ = {
			isa = XCBuildConfiguration;
			buildSettings = {
				ASSETCATALOG_COMPILER_APPICON_NAME = AppIcon;
				DEVELOPMENT_TEAM = "";
				INFOPLIST_FILE = BMTNavigationBar/Info.plist;
				LD_RUNPATH_SEARCH_PATHS = "$(inherited) @executable_path/Frameworks";
				PRODUCT_BUNDLE_IDENTIFIER = com.bmu.BMTNavigationBar;
				PRODUCT_NAME = "$(TARGET_NAME)";
			};
			name = Debug;
		};
		9E2CE8A01F5A4FB700830DC8 /* Release */ = {
			isa = XCBuildConfiguration;
			buildSettings = {
				ASSETCATALOG_COMPILER_APPICON_NAME = AppIcon;
				DEVELOPMENT_TEAM = "";
				INFOPLIST_FILE = BMTNavigationBar/Info.plist;
				LD_RUNPATH_SEARCH_PATHS = "$(inherited) @executable_path/Frameworks";
				PRODUCT_BUNDLE_IDENTIFIER = com.bmu.BMTNavigationBar;
				PRODUCT_NAME = "$(TARGET_NAME)";
			};
			name = Release;
		};
/* End XCBuildConfiguration section */

/* Begin XCConfigurationList section */
		9E2CE8821F5A4FB700830DC8 /* Build configuration list for PBXProject "BMTNavigationBar" */ = {
			isa = XCConfigurationList;
			buildConfigurations = (
				9E2CE89C1F5A4FB700830DC8 /* Debug */,
				9E2CE89D1F5A4FB700830DC8 /* Release */,
			);
			defaultConfigurationIsVisible = 0;
			defaultConfigurationName = Release;
		};
		9E2CE89E1F5A4FB700830DC8 /* Build configuration list for PBXNativeTarget "BMTNavigationBar" */ = {
			isa = XCConfigurationList;
			buildConfigurations = (
				9E2CE89F1F5A4FB700830DC8 /* Debug */,
				9E2CE8A01F5A4FB700830DC8 /* Release */,
			);
			defaultConfigurationIsVisible = 0;
			defaultConfigurationName = Release;
		};
/* End XCConfigurationList section */
	};
	rootObject = 9E2CE87F1F5A4FB700830DC8 /* Project object */;
}
